
Microsoft Visual Studio Solution File, Format Version 12.00
# Visual Studio Version 17
VisualStudioVersion = 17.11.35208.52
MinimumVisualStudioVersion = 10.0.40219.1
Project("{FAE04EC0-301F-11D3-BF4B-00C04F79EFBC}") = "WindowsFormsApp1", "WindowsFormsApp1\WindowsFormsApp1.csproj", "{8D7241FF-AEB4-45B9-A5A7-331F48462A3E}"
EndProject
Global
	GlobalSection(SolutionConfigurationPlatforms) = preSolution
		Debug|Any CPU = Debug|Any CPU
		Release|Any CPU = Release|Any CPU
	EndGlobalSection
	GlobalSection(ProjectConfigurationPlatforms) = postSolution
		{8D7241FF-AEB4-45B9-A5A7-331F48462A3E}.Debug|Any CPU.ActiveCfg = Debug|Any CPU
		{8D7241FF-AEB4-45B9-A5A7-331F48462A3E}.Debug|Any CPU.Build.0 = Debug|Any CPU
		{8D7241FF-AEB4-45B9-A5A7-331F48462A3E}.Release|Any CPU.ActiveCfg = Release|Any CPU
		{8D7241FF-AEB4-45B9-A5A7-331F48462A3E}.Release|Any CPU.Build.0 = Release|Any CPU
	EndGlobalSection
	GlobalSection(SolutionProperties) = preSolution
		HideSolutionNode = FALSE
	EndGlobalSection
	GlobalSection(ExtensibilityGlobals) = postSolution
		SolutionGuid = {0BF120C8-4B64-44E8-A6AA-1258BD769451}
	EndGlobalSection
EndGlobal
